
Microsoft Visual Studio Solution File, Format Version 12.00
# Visual Studio Version 16
VisualStudioVersion = 16.0.29001.49
MinimumVisualStudioVersion = 10.0.40219.1
Project("{FAE04EC0-301F-11D3-BF4B-00C04F79EFBC}") = "forces", "forces\forces.csproj", "{BF77A3C6-3367-4CDD-A8AD-1CB6086641AA}"
EndProject
Global
	GlobalSection(SolutionConfigurationPlatforms) = preSolution
		Debug|Any CPU = Debug|Any CPU
		Release|Any CPU = Release|Any CPU
	EndGlobalSection
	GlobalSection(ProjectConfigurationPlatforms) = postSolution
		{BF77A3C6-3367-4CDD-A8AD-1CB6086641AA}.Debug|Any CPU.ActiveCfg = Debug|Any CPU
		{BF77A3C6-3367-4CDD-A8AD-1CB6086641AA}.Debug|Any CPU.Build.0 = Debug|Any CPU
		{BF77A3C6-3367-4CDD-A8AD-1CB6086641AA}.Release|Any CPU.ActiveCfg = Release|Any CPU
		{BF77A3C6-3367-4CDD-A8AD-1CB6086641AA}.Release|Any CPU.Build.0 = Release|Any CPU
	EndGlobalSection
	GlobalSection(SolutionProperties) = preSolution
		HideSolutionNode = FALSE
	EndGlobalSection
	GlobalSection(ExtensibilityGlobals) = postSolution
		SolutionGuid = {2ABC0C79-2FE5-4E9A-8BA3-3ABE591F3D18}
	EndGlobalSection
EndGlobal
